
Microsoft Visual Studio Solution File, Format Version 12.00
# Visual Studio Version 17
VisualStudioVersion = 17.8.34525.116
MinimumVisualStudioVersion = 10.0.40219.1
Project("{FAE04EC0-301F-11D3-BF4B-00C04F79EFBC}") = "StudentCrudWebApi", "StudentCrudWebApi\StudentCrudWebApi.csproj", "{BB3E3F23-4607-486B-9F0E-6128B6631F74}"
EndProject
Global
	GlobalSection(SolutionConfigurationPlatforms) = preSolution
		Debug|Any CPU = Debug|Any CPU
		Release|Any CPU = Release|Any CPU
	EndGlobalSection
	GlobalSection(ProjectConfigurationPlatforms) = postSolution
		{BB3E3F23-4607-486B-9F0E-6128B6631F74}.Debug|Any CPU.ActiveCfg = Debug|Any CPU
		{BB3E3F23-4607-486B-9F0E-6128B6631F74}.Debug|Any CPU.Build.0 = Debug|Any CPU
		{BB3E3F23-4607-486B-9F0E-6128B6631F74}.Release|Any CPU.ActiveCfg = Release|Any CPU
		{BB3E3F23-4607-486B-9F0E-6128B6631F74}.Release|Any CPU.Build.0 = Release|Any CPU
	EndGlobalSection
	GlobalSection(SolutionProperties) = preSolution
		HideSolutionNode = FALSE
	EndGlobalSection
	GlobalSection(ExtensibilityGlobals) = postSolution
		SolutionGuid = {1E0054C1-2B88-4DBC-B0C8-A1698B57198D}
	EndGlobalSection
EndGlobal
